{
  "requires": true,
  "lockfileVersion": 1,
  "dependencies": {
    "accept": {
      "version": "3.0.2",
      "resolved": "http://npm.lingxi.co:80/accept/-/accept-3.0.2.tgz",
      "integrity": "sha1-g+Qc7H4RSfP9R0iAQjhz22xsyaw=",
      "requires": {
        "boom": "7.x.x",
        "hoek": "5.x.x"
      },
      "dependencies": {
        "boom": {
          "version": "7.2.0",
          "resolved": "http://npm.lingxi.co:80/boom/-/boom-7.2.0.tgz",
          "integrity": "sha1-K/8kpVVldn/ehp7ICDF+sQxI6WY=",
          "requires": {
            "hoek": "5.x.x"
          }
        },
        "hoek": {
          "version": "5.0.4",
          "resolved": "http://npm.lingxi.co:80/hoek/-/hoek-5.0.4.tgz",
          "integrity": "sha1-D3+icKHK/rNkpLLd+qM/hk5BV9o="
        }
      }
    },
    "ammo": {
      "version": "3.0.1",
      "resolved": "http://npm.lingxi.co:80/ammo/-/ammo-3.0.1.tgz",
      "integrity": "sha1-x5zurDb7TlUIXqP+DC9Cv6X3yRQ=",
      "requires": {
        "hoek": "5.x.x"
      },
      "dependencies": {
        "hoek": {
          "version": "5.0.4",
          "resolved": "http://npm.lingxi.co:80/hoek/-/hoek-5.0.4.tgz",
          "integrity": "sha1-D3+icKHK/rNkpLLd+qM/hk5BV9o="
        }
      }
    },
    "archy": {
      "version": "1.0.0",
      "resolved": "http://npm.lingxi.co:80/archy/-/archy-1.0.0.tgz",
      "integrity": "sha1-+cjBN1fMHde8N5rHeyxipcKGjEA="
    },
    "async": {
      "version": "2.6.1",
      "resolved": "http://npm.lingxi.co:80/async/-/async-2.6.1.tgz",
      "integrity": "sha1-skWiPKcZMAROxT+kaqAKPofGphA=",
      "requires": {
        "lodash": "^4.17.10"
      }
    },
    "b64": {
      "version": "4.0.0",
      "resolved": "http://npm.lingxi.co:80/b64/-/b64-4.0.0.tgz",
      "integrity": "sha1-w39Yfwo4PHAZ6CESDow/WPDSJ3I="
    },
    "backoff": {
      "version": "2.5.0",
      "resolved": "http://npm.lingxi.co:80/backoff/-/backoff-2.5.0.tgz",
      "integrity": "sha1-9hbtqdPktmuMp/ynn2lXIsX44m8=",
      "requires": {
        "precond": "0.2"
      }
    },
    "big-time": {
      "version": "2.0.1",
      "resolved": "http://npm.lingxi.co:80/big-time/-/big-time-2.0.1.tgz",
      "integrity": "sha1-aMffjcMPl+lT8lpnp2rJcTwWyd4="
    },
    "bluebird": {
      "version": "3.5.1",
      "resolved": "http://npm.lingxi.co:80/bluebird/-/bluebird-3.5.1.tgz",
      "integrity": "sha1-2VUfnemPH82h5oPRfukaBgLuLrk="
    },
    "boom": {
      "version": "5.2.0",
      "resolved": "http://npm.lingxi.co:80/boom/-/boom-5.2.0.tgz",
      "integrity": "sha1-XdnabuOl8wIHdDYpDLcX0/SlTgI=",
      "requires": {
        "hoek": "4.x.x"
      }
    },
    "bounce": {
      "version": "1.2.0",
      "resolved": "http://npm.lingxi.co:80/bounce/-/bounce-1.2.0.tgz",
      "integrity": "sha1-47rGjHP9JW44CWVR78CfUEhzyMg=",
      "requires": {
        "boom": "7.x.x",
        "hoek": "5.x.x"
      },
      "dependencies": {
        "boom": {
          "version": "7.2.0",
          "resolved": "http://npm.lingxi.co:80/boom/-/boom-7.2.0.tgz",
          "integrity": "sha1-K/8kpVVldn/ehp7ICDF+sQxI6WY=",
          "requires": {
            "hoek": "5.x.x"
          }
        },
        "hoek": {
          "version": "5.0.4",
          "resolved": "http://npm.lingxi.co:80/hoek/-/hoek-5.0.4.tgz",
          "integrity": "sha1-D3+icKHK/rNkpLLd+qM/hk5BV9o="
        }
      }
    },
    "call": {
      "version": "5.0.1",
      "resolved": "http://npm.lingxi.co:80/call/-/call-5.0.1.tgz",
      "integrity": "sha1-rBtcEG2e3CoXrypKT3TdTwwG6RA=",
      "requires": {
        "boom": "7.x.x",
        "hoek": "5.x.x"
      },
      "dependencies": {
        "boom": {
          "version": "7.2.0",
          "resolved": "http://npm.lingxi.co:80/boom/-/boom-7.2.0.tgz",
          "integrity": "sha1-K/8kpVVldn/ehp7ICDF+sQxI6WY=",
          "requires": {
            "hoek": "5.x.x"
          }
        },
        "hoek": {
          "version": "5.0.4",
          "resolved": "http://npm.lingxi.co:80/hoek/-/hoek-5.0.4.tgz",
          "integrity": "sha1-D3+icKHK/rNkpLLd+qM/hk5BV9o="
        }
      }
    },
    "catbox": {
      "version": "10.0.2",
      "resolved": "http://npm.lingxi.co:80/catbox/-/catbox-10.0.2.tgz",
      "integrity": "sha1-5qwfNRAtGpvQeRW4LlCNErUKi/o=",
      "requires": {
        "boom": "7.x.x",
        "bounce": "1.x.x",
        "hoek": "5.x.x",
        "joi": "13.x.x"
      },
      "dependencies": {
        "boom": {
          "version": "7.2.0",
          "resolved": "http://npm.lingxi.co:80/boom/-/boom-7.2.0.tgz",
          "integrity": "sha1-K/8kpVVldn/ehp7ICDF+sQxI6WY=",
          "requires": {
            "hoek": "5.x.x"
          }
        },
        "hoek": {
          "version": "5.0.4",
          "resolved": "http://npm.lingxi.co:80/hoek/-/hoek-5.0.4.tgz",
          "integrity": "sha1-D3+icKHK/rNkpLLd+qM/hk5BV9o="
        }
      }
    },
    "catbox-memory": {
      "version": "3.1.2",
      "resolved": "http://npm.lingxi.co:80/catbox-memory/-/catbox-memory-3.1.2.tgz",
      "integrity": "sha1-Su7BvJlEGcD35gCH8XKq7dm0kRw=",
      "requires": {
        "big-time": "2.x.x",
        "boom": "7.x.x",
        "hoek": "5.x.x"
      },
      "dependencies": {
        "boom": {
          "version": "7.2.0",
          "resolved": "http://npm.lingxi.co:80/boom/-/boom-7.2.0.tgz",
          "integrity": "sha1-K/8kpVVldn/ehp7ICDF+sQxI6WY=",
          "requires": {
            "hoek": "5.x.x"
          }
        },
        "hoek": {
          "version": "5.0.4",
          "resolved": "http://npm.lingxi.co:80/hoek/-/hoek-5.0.4.tgz",
          "integrity": "sha1-D3+icKHK/rNkpLLd+qM/hk5BV9o="
        }
      }
    },
    "content": {
      "version": "4.0.5",
      "resolved": "http://npm.lingxi.co:80/content/-/content-4.0.5.tgz",
      "integrity": "sha1-vFR96ryImrabzhf681hcKfTEG/I=",
      "requires": {
        "boom": "7.x.x"
      },
      "dependencies": {
        "boom": {
          "version": "7.2.0",
          "resolved": "http://npm.lingxi.co:80/boom/-/boom-7.2.0.tgz",
          "integrity": "sha1-K/8kpVVldn/ehp7ICDF+sQxI6WY=",
          "requires": {
            "hoek": "5.x.x"
          }
        },
        "hoek": {
          "version": "5.0.4",
          "resolved": "http://npm.lingxi.co:80/hoek/-/hoek-5.0.4.tgz",
          "integrity": "sha1-D3+icKHK/rNkpLLd+qM/hk5BV9o="
        }
      }
    },
    "core-util-is": {
      "version": "1.0.2",
      "resolved": "http://npm.lingxi.co:80/core-util-is/-/core-util-is-1.0.2.tgz",
      "integrity": "sha1-tf1UIgqivFq1eqtxQMlAdUUDwac="
    },
    "cryptiles": {
      "version": "4.1.2",
      "resolved": "http://npm.lingxi.co:80/cryptiles/-/cryptiles-4.1.2.tgz",
      "integrity": "sha1-NjyatchZ2p0tb7kBtk2YCWYYEYQ=",
      "requires": {
        "boom": "7.x.x"
      },
      "dependencies": {
        "boom": {
          "version": "7.2.0",
          "resolved": "http://npm.lingxi.co:80/boom/-/boom-7.2.0.tgz",
          "integrity": "sha1-K/8kpVVldn/ehp7ICDF+sQxI6WY=",
          "requires": {
            "hoek": "5.x.x"
          }
        },
        "hoek": {
          "version": "5.0.4",
          "resolved": "http://npm.lingxi.co:80/hoek/-/hoek-5.0.4.tgz",
          "integrity": "sha1-D3+icKHK/rNkpLLd+qM/hk5BV9o="
        }
      }
    },
    "eraro": {
      "version": "1.0.0",
      "resolved": "http://npm.lingxi.co:80/eraro/-/eraro-1.0.0.tgz",
      "integrity": "sha1-iiFn8LxvlkIAovzeejhtLV27+RI=",
      "requires": {
        "lodash": "4.17"
      }
    },
    "gate-executor": {
      "version": "1.1.1",
      "resolved": "http://npm.lingxi.co:80/gate-executor/-/gate-executor-1.1.1.tgz",
      "integrity": "sha1-Zn9ncoSg2+hrbEigtK/oxISBLK8="
    },
    "gex": {
      "version": "0.3.0",
      "resolved": "http://npm.lingxi.co:80/gex/-/gex-0.3.0.tgz",
      "integrity": "sha1-IXMkzNblxh0khckT63YUshNYuX8=",
      "requires": {
        "lodash": "4.17"
      }
    },
    "hapi": {
      "version": "17.5.4",
      "resolved": "http://npm.lingxi.co:80/hapi/-/hapi-17.5.4.tgz",
      "integrity": "sha1-88EHD57jmNnGrY68Wr8YDxORTzw=",
      "requires": {
        "accept": "3.x.x",
        "ammo": "3.x.x",
        "boom": "7.x.x",
        "bounce": "1.x.x",
        "call": "5.x.x",
        "catbox": "10.x.x",
        "catbox-memory": "3.x.x",
        "heavy": "6.x.x",
        "hoek": "5.x.x",
        "joi": "13.x.x",
        "mimos": "4.x.x",
        "podium": "3.x.x",
        "shot": "4.x.x",
        "statehood": "6.x.x",
        "subtext": "6.x.x",
        "teamwork": "3.x.x",
        "topo": "3.x.x"
      },
      "dependencies": {
        "boom": {
          "version": "7.2.0",
          "resolved": "http://npm.lingxi.co:80/boom/-/boom-7.2.0.tgz",
          "integrity": "sha1-K/8kpVVldn/ehp7ICDF+sQxI6WY=",
          "requires": {
            "hoek": "5.x.x"
          }
        },
        "hoek": {
          "version": "5.0.4",
          "resolved": "http://npm.lingxi.co:80/hoek/-/hoek-5.0.4.tgz",
          "integrity": "sha1-D3+icKHK/rNkpLLd+qM/hk5BV9o="
        }
      }
    },
    "heavy": {
      "version": "6.1.0",
      "resolved": "http://npm.lingxi.co:80/heavy/-/heavy-6.1.0.tgz",
      "integrity": "sha1-G7+kPcYd1LVD7eP/h9uDBreWcnQ=",
      "requires": {
        "boom": "7.x.x",
        "hoek": "5.x.x",
        "joi": "13.x.x"
      },
      "dependencies": {
        "boom": {
          "version": "7.2.0",
          "resolved": "http://npm.lingxi.co:80/boom/-/boom-7.2.0.tgz",
          "integrity": "sha1-K/8kpVVldn/ehp7ICDF+sQxI6WY=",
          "requires": {
            "hoek": "5.x.x"
          }
        },
        "hoek": {
          "version": "5.0.4",
          "resolved": "http://npm.lingxi.co:80/hoek/-/hoek-5.0.4.tgz",
          "integrity": "sha1-D3+icKHK/rNkpLLd+qM/hk5BV9o="
        }
      }
    },
    "hoek": {
      "version": "4.2.1",
      "resolved": "http://npm.lingxi.co:80/hoek/-/hoek-4.2.1.tgz",
      "integrity": "sha1-ljRQKqEsRF3Vp8VzS1cruHOKrLs="
    },
    "inherits": {
      "version": "2.0.3",
      "resolved": "http://npm.lingxi.co:80/inherits/-/inherits-2.0.3.tgz",
      "integrity": "sha1-Yzwsg+PaQqUC9SRmAiSA9CCCYd4="
    },
    "iron": {
      "version": "5.0.4",
      "resolved": "http://npm.lingxi.co:80/iron/-/iron-5.0.4.tgz",
      "integrity": "sha1-AD7YIvZW8HwrYnYoFfXeOUcyaGc=",
      "requires": {
        "boom": "7.x.x",
        "cryptiles": "4.x.x",
        "hoek": "5.x.x"
      },
      "dependencies": {
        "boom": {
          "version": "7.2.0",
          "resolved": "http://npm.lingxi.co:80/boom/-/boom-7.2.0.tgz",
          "integrity": "sha1-K/8kpVVldn/ehp7ICDF+sQxI6WY=",
          "requires": {
            "hoek": "5.x.x"
          }
        },
        "hoek": {
          "version": "5.0.4",
          "resolved": "http://npm.lingxi.co:80/hoek/-/hoek-5.0.4.tgz",
          "integrity": "sha1-D3+icKHK/rNkpLLd+qM/hk5BV9o="
        }
      }
    },
    "isarray": {
      "version": "1.0.0",
      "resolved": "http://npm.lingxi.co:80/isarray/-/isarray-1.0.0.tgz",
      "integrity": "sha1-u5NdSFgsuhaMBoNJV6VKPgcSTxE="
    },
    "isemail": {
      "version": "3.1.3",
      "resolved": "http://npm.lingxi.co:80/isemail/-/isemail-3.1.3.tgz",
      "integrity": "sha1-ZPN/wRNXnqElIxZcPr46caVs5XE=",
      "requires": {
        "punycode": "2.x.x"
      }
    },
    "joi": {
      "version": "13.6.0",
      "resolved": "http://npm.lingxi.co:80/joi/-/joi-13.6.0.tgz",
      "integrity": "sha1-h32CDjrWiKScMkIf/vx0a/vi0KA=",
      "requires": {
        "hoek": "5.x.x",
        "isemail": "3.x.x",
        "topo": "3.x.x"
      },
      "dependencies": {
        "hoek": {
          "version": "5.0.4",
          "resolved": "http://npm.lingxi.co:80/hoek/-/hoek-5.0.4.tgz",
          "integrity": "sha1-D3+icKHK/rNkpLLd+qM/hk5BV9o="
        }
      }
    },
    "json-stringify-safe": {
      "version": "5.0.1",
      "resolved": "http://npm.lingxi.co:80/json-stringify-safe/-/json-stringify-safe-5.0.1.tgz",
      "integrity": "sha1-Epai1Y/UXxmg9s4B1lcB4sc1tus="
    },
    "jsonic": {
      "version": "0.3.0",
      "resolved": "http://npm.lingxi.co:80/jsonic/-/jsonic-0.3.0.tgz",
      "integrity": "sha1-tUXalfVDkuWLPdoF9fLjd6bJ0b8="
    },
    "lodash": {
      "version": "4.17.10",
      "resolved": "http://npm.lingxi.co:80/lodash/-/lodash-4.17.10.tgz",
      "integrity": "sha1-G3eTz3JZ6jj7NmHU04syYK+K5Oc="
    },
    "lru-cache": {
      "version": "4.1.3",
      "resolved": "http://npm.lingxi.co:80/lru-cache/-/lru-cache-4.1.3.tgz",
      "integrity": "sha1-oRdc80lt/IQ2wVbDNLSVWZK85pw=",
      "requires": {
        "pseudomap": "^1.0.2",
        "yallist": "^2.1.2"
      }
    },
    "mime-db": {
      "version": "1.36.0",
      "resolved": "http://npm.lingxi.co:80/mime-db/-/mime-db-1.36.0.tgz",
      "integrity": "sha1-UCBHjbPH/pOq17vMTc+GnEM2M5c="
    },
    "mimos": {
      "version": "4.0.0",
      "resolved": "http://npm.lingxi.co:80/mimos/-/mimos-4.0.0.tgz",
      "integrity": "sha1-duPScShDHLZIL9FbIEdXGa1ialo=",
      "requires": {
        "hoek": "5.x.x",
        "mime-db": "1.x.x"
      },
      "dependencies": {
        "hoek": {
          "version": "5.0.4",
          "resolved": "http://npm.lingxi.co:80/hoek/-/hoek-5.0.4.tgz",
          "integrity": "sha1-D3+icKHK/rNkpLLd+qM/hk5BV9o="
        }
      }
    },
    "minimist": {
      "version": "1.2.0",
      "resolved": "http://npm.lingxi.co:80/minimist/-/minimist-1.2.0.tgz",
      "integrity": "sha1-o1AIsg9BOD7sH7kU9M1d95omQoQ="
    },
    "ndjson": {
      "version": "1.5.0",
      "resolved": "http://npm.lingxi.co:80/ndjson/-/ndjson-1.5.0.tgz",
      "integrity": "sha1-rmA7NrE0vOw0e0UkIrC/mNWDLsg=",
      "requires": {
        "json-stringify-safe": "^5.0.1",
        "minimist": "^1.2.0",
        "split2": "^2.1.0",
        "through2": "^2.0.3"
      }
    },
    "nid": {
      "version": "0.3.2",
      "resolved": "http://npm.lingxi.co:80/nid/-/nid-0.3.2.tgz",
      "integrity": "sha1-l3qTGO1cKjjt1mJj8+r9gUPyJRo="
    },
    "nigel": {
      "version": "3.0.1",
      "resolved": "http://npm.lingxi.co:80/nigel/-/nigel-3.0.1.tgz",
      "integrity": "sha1-SKCIWdZRdzEvHCWvclLB4HuwfCo=",
      "requires": {
        "hoek": "5.x.x",
        "vise": "3.x.x"
      },
      "dependencies": {
        "hoek": {
          "version": "5.0.4",
          "resolved": "http://npm.lingxi.co:80/hoek/-/hoek-5.0.4.tgz",
          "integrity": "sha1-D3+icKHK/rNkpLLd+qM/hk5BV9o="
        }
      }
    },
    "norma": {
      "version": "0.4.1",
      "resolved": "http://npm.lingxi.co:80/norma/-/norma-0.4.1.tgz",
      "integrity": "sha1-C+LwW7pMA0xs5brJhE4SQWmdZYU=",
      "requires": {
        "eraro": "1.0",
        "lodash": "4.17"
      }
    },
    "ordu": {
      "version": "0.1.1",
      "resolved": "http://npm.lingxi.co:80/ordu/-/ordu-0.1.1.tgz",
      "integrity": "sha1-nIEJSTaTyvCCmfyoTFlq64YLrqo="
    },
    "patrun": {
      "version": "1.0.0",
      "resolved": "http://npm.lingxi.co:80/patrun/-/patrun-1.0.0.tgz",
      "integrity": "sha1-xQohdOPgKv5/vDXRbmWNIcZqHmY=",
      "requires": {
        "gex": "0.3",
        "lodash": "4.17"
      }
    },
    "pez": {
      "version": "4.0.2",
      "resolved": "http://npm.lingxi.co:80/pez/-/pez-4.0.2.tgz",
      "integrity": "sha1-CnyBtklo6QsOlWKzmPOQk56cS1M=",
      "requires": {
        "b64": "4.x.x",
        "boom": "7.x.x",
        "content": "4.x.x",
        "hoek": "5.x.x",
        "nigel": "3.x.x"
      },
      "dependencies": {
        "boom": {
          "version": "7.2.0",
          "resolved": "http://npm.lingxi.co:80/boom/-/boom-7.2.0.tgz",
          "integrity": "sha1-K/8kpVVldn/ehp7ICDF+sQxI6WY=",
          "requires": {
            "hoek": "5.x.x"
          }
        },
        "hoek": {
          "version": "5.0.4",
          "resolved": "http://npm.lingxi.co:80/hoek/-/hoek-5.0.4.tgz",
          "integrity": "sha1-D3+icKHK/rNkpLLd+qM/hk5BV9o="
        }
      }
    },
    "podium": {
      "version": "3.1.2",
      "resolved": "http://npm.lingxi.co:80/podium/-/podium-3.1.2.tgz",
      "integrity": "sha1-twFClznPa93mswFa5rSNQAgXzp4=",
      "requires": {
        "hoek": "5.x.x",
        "joi": "13.x.x"
      },
      "dependencies": {
        "hoek": {
          "version": "5.0.4",
          "resolved": "http://npm.lingxi.co:80/hoek/-/hoek-5.0.4.tgz",
          "integrity": "sha1-D3+icKHK/rNkpLLd+qM/hk5BV9o="
        }
      }
    },
    "precond": {
      "version": "0.2.3",
      "resolved": "http://npm.lingxi.co:80/precond/-/precond-0.2.3.tgz",
      "integrity": "sha1-qpWRvKokkj8eD0hJ0kD0fvwQdaw="
    },
    "process-nextick-args": {
      "version": "2.0.0",
      "resolved": "http://npm.lingxi.co:80/process-nextick-args/-/process-nextick-args-2.0.0.tgz",
      "integrity": "sha1-o31zL0JxtKsa0HDTVQjoKQeI/6o="
    },
    "pseudomap": {
      "version": "1.0.2",
      "resolved": "http://npm.lingxi.co:80/pseudomap/-/pseudomap-1.0.2.tgz",
      "integrity": "sha1-8FKijacOYYkX7wqKw0wa5aaChrM="
    },
    "punycode": {
      "version": "2.1.1",
      "resolved": "http://npm.lingxi.co:80/punycode/-/punycode-2.1.1.tgz",
      "integrity": "sha1-tYsBCsQMIsVldhbI0sLALHv0eew="
    },
    "qs": {
      "version": "6.5.2",
      "resolved": "http://npm.lingxi.co:80/qs/-/qs-6.5.2.tgz",
      "integrity": "sha1-yzroBuh0BERYTvFUzo7pjUA/PjY="
    },
    "readable-stream": {
      "version": "2.3.6",
      "resolved": "http://npm.lingxi.co:80/readable-stream/-/readable-stream-2.3.6.tgz",
      "integrity": "sha1-sRwn2IuP8fvgcGQ8+UsMea4bCq8=",
      "requires": {
        "core-util-is": "~1.0.0",
        "inherits": "~2.0.3",
        "isarray": "~1.0.0",
        "process-nextick-args": "~2.0.0",
        "safe-buffer": "~5.1.1",
        "string_decoder": "~1.1.1",
        "util-deprecate": "~1.0.1"
      }
    },
    "reconnect-core": {
      "version": "1.3.0",
      "resolved": "http://npm.lingxi.co:80/reconnect-core/-/reconnect-core-1.3.0.tgz",
      "integrity": "sha1-+65SkZp4d9hE4yRtAaLyZwHIM8g=",
      "requires": {
        "backoff": "~2.5.0"
      }
    },
    "rolling-stats": {
      "version": "0.1.1",
      "resolved": "http://npm.lingxi.co:80/rolling-stats/-/rolling-stats-0.1.1.tgz",
      "integrity": "sha1-zVr3dKiJOzCmdIMvovSrqkeM/IA="
    },
    "safe-buffer": {
      "version": "5.1.2",
      "resolved": "http://npm.lingxi.co:80/safe-buffer/-/safe-buffer-5.1.2.tgz",
      "integrity": "sha1-mR7GnSluAxN0fVm9/St0XDX4go0="
    },
    "semver": {
      "version": "5.5.1",
      "resolved": "http://npm.lingxi.co:80/semver/-/semver-5.5.1.tgz",
      "integrity": "sha1-ff3YgUvbfKvHvg+x1zTPtmyUBHc="
    },
    "seneca": {
      "version": "3.7.0",
      "resolved": "http://npm.lingxi.co:80/seneca/-/seneca-3.7.0.tgz",
      "integrity": "sha1-HaY79FINyBjdh5SgChYfi3GWm9M=",
      "requires": {
        "archy": "1.0",
        "eraro": "1.0",
        "gate-executor": "1.1",
        "gex": "0.3",
        "json-stringify-safe": "5.0",
        "jsonic": "0.3",
        "lodash": "4.17",
        "minimist": "1.2",
        "nid": "0.3",
        "norma": "0.4",
        "ordu": "0.1",
        "patrun": "1.0",
        "qs": "6.5",
        "rolling-stats": "0.1",
        "semver": "5.5",
        "seneca-transport": "2.3",
        "use-plugin": "1.0",
        "wreck": "12.5"
      }
    },
    "seneca-basic": {
      "version": "0.6.0",
      "resolved": "http://npm.lingxi.co:80/seneca-basic/-/seneca-basic-0.6.0.tgz",
      "integrity": "sha1-1vpeTNStBRCUL9d2Zgs9nCHyqSM=",
      "requires": {
        "async": "2.6",
        "lodash": "4.17",
        "nid": "0.3"
      }
    },
    "seneca-entity": {
      "version": "2.3.0",
      "resolved": "http://npm.lingxi.co:80/seneca-entity/-/seneca-entity-2.3.0.tgz",
      "integrity": "sha1-TYopco/VUH5xYSDu5MPK8g10Igk=",
      "requires": {
        "eraro": "1.0",
        "jsonic": "0.3",
        "lodash": "4.17",
        "nid": "0.3",
        "seneca-mem-store": "1.2"
      }
    },
    "seneca-mem-store": {
      "version": "1.2.0",
      "resolved": "http://npm.lingxi.co:80/seneca-mem-store/-/seneca-mem-store-1.2.0.tgz",
      "integrity": "sha1-wYSCAzfUGKE0YTDJRGQJvTklaS4=",
      "requires": {
        "eraro": "1",
        "lodash": "4"
      }
    },
    "seneca-transport": {
      "version": "2.3.0",
      "resolved": "http://npm.lingxi.co:80/seneca-transport/-/seneca-transport-2.3.0.tgz",
      "integrity": "sha1-85KtZrknyzLmld8WEzKrsRtNdBA=",
      "requires": {
        "eraro": "1.0",
        "gex": "0.3",
        "jsonic": "0.3",
        "lodash": "4.17",
        "lru-cache": "4.1",
        "ndjson": "1.5",
        "nid": "0.3",
        "patrun": "1.0",
        "qs": "6.5",
        "reconnect-core": "1.3",
        "wreck": "12.5"
      }
    },
    "seneca-web": {
      "version": "2.2.0",
      "resolved": "http://npm.lingxi.co:80/seneca-web/-/seneca-web-2.2.0.tgz",
      "integrity": "sha1-ol3xmtyqqHZZtCVHovlJ2Ln6RQs=",
      "requires": {
        "eraro": "^0.4.1",
        "lodash": "^4.17.4"
      },
      "dependencies": {
        "eraro": {
          "version": "0.4.1",
          "resolved": "http://npm.lingxi.co:80/eraro/-/eraro-0.4.1.tgz",
          "integrity": "sha1-ZThzB2mh6J/8Pwx+LJTVofhmYp0=",
          "requires": {
            "lodash": "~2.4.1"
          },
          "dependencies": {
            "lodash": {
              "version": "2.4.2",
              "resolved": "http://npm.lingxi.co:80/lodash/-/lodash-2.4.2.tgz",
              "integrity": "sha1-+t2DS5aDBz2hebPq5tnA0VBT9z4="
            }
          }
        }
      }
    },
    "seneca-web-adapter-hapi": {
      "version": "1.0.2",
      "resolved": "http://npm.lingxi.co:80/seneca-web-adapter-hapi/-/seneca-web-adapter-hapi-1.0.2.tgz",
      "integrity": "sha1-lrerqKhBVLDTv6rZt5U/ZSOF6pY=",
      "requires": {
        "lodash": "^4.15.0"
      }
    },
    "shot": {
      "version": "4.0.5",
      "resolved": "http://npm.lingxi.co:80/shot/-/shot-4.0.5.tgz",
      "integrity": "sha1-x+dFXRHWD2ts08Q+FaO0McF+VWY=",
      "requires": {
        "hoek": "5.x.x",
        "joi": "13.x.x"
      },
      "dependencies": {
        "hoek": {
          "version": "5.0.4",
          "resolved": "http://npm.lingxi.co:80/hoek/-/hoek-5.0.4.tgz",
          "integrity": "sha1-D3+icKHK/rNkpLLd+qM/hk5BV9o="
        }
      }
    },
    "split2": {
      "version": "2.2.0",
      "resolved": "http://npm.lingxi.co:80/split2/-/split2-2.2.0.tgz",
      "integrity": "sha1-GGsldbz4PoW30YRldWI47k7kJJM=",
      "requires": {
        "through2": "^2.0.2"
      }
    },
    "statehood": {
      "version": "6.0.6",
      "resolved": "http://npm.lingxi.co:80/statehood/-/statehood-6.0.6.tgz",
      "integrity": "sha1-Db18UHdNP2GiTkKwZzCTu8gfpfA=",
      "requires": {
        "boom": "7.x.x",
        "bounce": "1.x.x",
        "cryptiles": "4.x.x",
        "hoek": "5.x.x",
        "iron": "5.x.x",
        "joi": "13.x.x"
      },
      "dependencies": {
        "boom": {
          "version": "7.2.0",
          "resolved": "http://npm.lingxi.co:80/boom/-/boom-7.2.0.tgz",
          "integrity": "sha1-K/8kpVVldn/ehp7ICDF+sQxI6WY=",
          "requires": {
            "hoek": "5.x.x"
          }
        },
        "hoek": {
          "version": "5.0.4",
          "resolved": "http://npm.lingxi.co:80/hoek/-/hoek-5.0.4.tgz",
          "integrity": "sha1-D3+icKHK/rNkpLLd+qM/hk5BV9o="
        }
      }
    },
    "string_decoder": {
      "version": "1.1.1",
      "resolved": "http://npm.lingxi.co:80/string_decoder/-/string_decoder-1.1.1.tgz",
      "integrity": "sha1-nPFhG6YmhdcDCunkujQUnDrwP8g=",
      "requires": {
        "safe-buffer": "~5.1.0"
      }
    },
    "subtext": {
      "version": "6.0.7",
      "resolved": "http://npm.lingxi.co:80/subtext/-/subtext-6.0.7.tgz",
      "integrity": "sha1-jkCmeQGnNNWYFCZlyQ45g2m4hfk=",
      "requires": {
        "boom": "7.x.x",
        "content": "4.x.x",
        "hoek": "5.x.x",
        "pez": "4.x.x",
        "wreck": "14.x.x"
      },
      "dependencies": {
        "boom": {
          "version": "7.2.0",
          "resolved": "http://npm.lingxi.co:80/boom/-/boom-7.2.0.tgz",
          "integrity": "sha1-K/8kpVVldn/ehp7ICDF+sQxI6WY=",
          "requires": {
            "hoek": "5.x.x"
          }
        },
        "hoek": {
          "version": "5.0.4",
          "resolved": "http://npm.lingxi.co:80/hoek/-/hoek-5.0.4.tgz",
          "integrity": "sha1-D3+icKHK/rNkpLLd+qM/hk5BV9o="
        },
        "wreck": {
          "version": "14.1.0",
          "resolved": "http://npm.lingxi.co:80/wreck/-/wreck-14.1.0.tgz",
          "integrity": "sha1-sT5Sa2qDGOXrxpacCyEHXAYzcGc=",
          "requires": {
            "boom": "7.x.x",
            "hoek": "5.x.x"
          }
        }
      }
    },
    "teamwork": {
      "version": "3.0.1",
      "resolved": "http://npm.lingxi.co:80/teamwork/-/teamwork-3.0.1.tgz",
      "integrity": "sha1-/zjHFh9B+AcLeBNxbrYVQDbs4ZY="
    },
    "through2": {
      "version": "2.0.3",
      "resolved": "http://npm.lingxi.co:80/through2/-/through2-2.0.3.tgz",
      "integrity": "sha1-AARWmzfHx0ujnEPzzteNGtlBQL4=",
      "requires": {
        "readable-stream": "^2.1.5",
        "xtend": "~4.0.1"
      }
    },
    "topo": {
      "version": "3.0.0",
      "resolved": "http://npm.lingxi.co:80/topo/-/topo-3.0.0.tgz",
      "integrity": "sha1-N+SMMw7+rHhFOOCs0+YspeIx/no=",
      "requires": {
        "hoek": "5.x.x"
      },
      "dependencies": {
        "hoek": {
          "version": "5.0.4",
          "resolved": "http://npm.lingxi.co:80/hoek/-/hoek-5.0.4.tgz",
          "integrity": "sha1-D3+icKHK/rNkpLLd+qM/hk5BV9o="
        }
      }
    },
    "use-plugin": {
      "version": "1.0.2",
      "resolved": "http://npm.lingxi.co:80/use-plugin/-/use-plugin-1.0.2.tgz",
      "integrity": "sha1-kuTm2asDtpAxCTpnhkWdwIeR1DY=",
      "requires": {
        "eraro": "1.0",
        "nid": "0.3",
        "norma": "0.4"
      }
    },
    "util-deprecate": {
      "version": "1.0.2",
      "resolved": "http://npm.lingxi.co:80/util-deprecate/-/util-deprecate-1.0.2.tgz",
      "integrity": "sha1-RQ1Nyfpw3nMnYvvS1KKJgUGaDM8="
    },
    "vise": {
      "version": "3.0.0",
      "resolved": "http://npm.lingxi.co:80/vise/-/vise-3.0.0.tgz",
      "integrity": "sha1-dq0UqzFmnFD7sIF7wOcv7cuzv0w=",
      "requires": {
        "hoek": "5.x.x"
      },
      "dependencies": {
        "hoek": {
          "version": "5.0.4",
          "resolved": "http://npm.lingxi.co:80/hoek/-/hoek-5.0.4.tgz",
          "integrity": "sha1-D3+icKHK/rNkpLLd+qM/hk5BV9o="
        }
      }
    },
    "wreck": {
      "version": "12.5.1",
      "resolved": "http://npm.lingxi.co:80/wreck/-/wreck-12.5.1.tgz",
      "integrity": "sha1-zS/84WdEnh8CQu2c+AVS4g+2kCo=",
      "requires": {
        "boom": "5.x.x",
        "hoek": "4.x.x"
      }
    },
    "xtend": {
      "version": "4.0.1",
      "resolved": "http://npm.lingxi.co:80/xtend/-/xtend-4.0.1.tgz",
      "integrity": "sha1-pcbVMr5lbiPbgg77lDofBJmNY68="
    },
    "yallist": {
      "version": "2.1.2",
      "resolved": "http://npm.lingxi.co:80/yallist/-/yallist-2.1.2.tgz",
      "integrity": "sha1-HBH5IY8HYImkfdUS+TxmmaaoHVI="
    }
  }
}
